<?xml version="1.0" encoding="UTF-8" standalone="yes" ?>
<CodeBlocks_project_file>
	<FileVersion major="1" minor="6" />
	<Project>
		<Option title="Projeto PS" />
		<Option pch_mode="2" />
		<Option compiler="gcc" />
		<Build>
			<Target title="Debug">
				<Option output="bin/Debug/Projeto PS" prefix_auto="1" extension_auto="1" />
				<Option object_output="obj/Debug/" />
				<Option type="1" />
				<Option compiler="gcc" />
				<Compiler>
					<Add option="-g" />
				</Compiler>
			</Target>
			<Target title="Release">
				<Option output="bin/Release/Projeto PS" prefix_auto="1" extension_auto="1" />
				<Option object_output="obj/Release/" />
				<Option type="1" />
				<Option compiler="gcc" />
				<Compiler>
					<Add option="-O2" />
				</Compiler>
				<Linker>
					<Add option="-s" />
				</Linker>
			</Target>
		</Build>
		<Compiler>
			<Add option="-Wall" />
		</Compiler>
		<Unit filename="LNegocio.c">
			<Option compilerVar="CC" />
		</Unit>
		<Unit filename="PAuxiliar.c">
			<Option compilerVar="CC" />
		</Unit>
		<Unit filename="PAuxiliar.h" />
		<Unit filename="PDefeito.c">
			<Option compilerVar="CC" />
		</Unit>
		<Unit filename="PDesenvolvedor.c">
			<Option compilerVar="CC" />
		</Unit>
		<Unit filename="PProduto.c">
			<Option compilerVar="CC" />
		</Unit>
		<Unit filename="PacoteDeStructs.h" />
		<Unit filename="SLogica.c">
			<Option compilerVar="CC" />
		</Unit>
		<Unit filename="SLogica.h" />
		<Unit filename="SPDefeito.h" />
		<Unit filename="SPDesenvolvedor.h" />
		<Unit filename="SPProduto.h" />
		<Unit filename="TabelaDeCodigos.h" />
		<Unit filename="UInterface.c">
			<Option compilerVar="CC" />
		</Unit>
		<Unit filename="UInterface.h" />
		<Unit filename="ValidacaoEntrada.c">
			<Option compilerVar="CC" />
		</Unit>
		<Unit filename="ValidacaoEntrada.h" />
		<Unit filename="main.c">
			<Option compilerVar="CC" />
		</Unit>
		<Extensions>
			<code_completion />
			<envvars />
			<debugger />
			<lib_finder disable_auto="1" />
			<DoxyBlocks>
				<comment_style block="0" line="0" />
				<doxyfile_project />
				<doxyfile_build />
				<doxyfile_warnings />
				<doxyfile_output />
				<doxyfile_dot />
				<general />
			</DoxyBlocks>
		</Extensions>
	</Project>
</CodeBlocks_project_file>
